// !$*UTF8*$!
{
	archiveVersion = 1;
	classes = {
	};
	objectVersion = 52;
	objects = {

/* Begin PBXBuildFile section */
		A030CB63248BC5DC00998829 /* Toast in Frameworks */ = {isa = PBXBuildFile; productRef = A030CB62248BC5DC00998829 /* Toast */; };
		A030CB65248BC68F00998829 /* TableViewProtocol.swift in Sources */ = {isa = PBXBuildFile; fileRef = A030CB64248BC68F00998829 /* TableViewProtocol.swift */; };
		A030CB67248BE62F00998829 /* FollowButton.swift in Sources */ = {isa = PBXBuildFile; fileRef = A030CB66248BE62F00998829 /* FollowButton.swift */; };
		A030CB69248BE92D00998829 /* FavoriteButton.swift in Sources */ = {isa = PBXBuildFile; fileRef = A030CB68248BE92D00998829 /* FavoriteButton.swift */; };
		A030CB6B248BF98800998829 /* MemberListViewModel.swift in Sources */ = {isa = PBXBuildFile; fileRef = A030CB6A248BF98800998829 /* MemberListViewModel.swift */; };
		A030CB6D248BFB6C00998829 /* MemberCell.swift in Sources */ = {isa = PBXBuildFile; fileRef = A030CB6C248BFB6C00998829 /* MemberCell.swift */; };
		A03A1F1D248B8B9700ACBBAB /* CompanyDataManager.swift in Sources */ = {isa = PBXBuildFile; fileRef = A03A1F1C248B8B9700ACBBAB /* CompanyDataManager.swift */; };
		A03A1F23248B96F100ACBBAB /* Stevia in Frameworks */ = {isa = PBXBuildFile; productRef = A03A1F22248B96F100ACBBAB /* Stevia */; };
		A03A1F25248B9C5100ACBBAB /* CompanyListViewModel.swift in Sources */ = {isa = PBXBuildFile; fileRef = A03A1F24248B9C5100ACBBAB /* CompanyListViewModel.swift */; };
		A03A1F3A248BB8FB00ACBBAB /* Toast.swift in Sources */ = {isa = PBXBuildFile; fileRef = A03A1F28248BB8FB00ACBBAB /* Toast.swift */; };
		A03A1F3B248BB8FB00ACBBAB /* FetchRequestStatus.swift in Sources */ = {isa = PBXBuildFile; fileRef = A03A1F2A248BB8FB00ACBBAB /* FetchRequestStatus.swift */; };
		A03A1F3C248BB8FB00ACBBAB /* BaseController.swift in Sources */ = {isa = PBXBuildFile; fileRef = A03A1F2C248BB8FB00ACBBAB /* BaseController.swift */; };
		A03A1F3D248BB8FB00ACBBAB /* UIView+Extensions.swift in Sources */ = {isa = PBXBuildFile; fileRef = A03A1F2E248BB8FB00ACBBAB /* UIView+Extensions.swift */; };
		A03A1F40248BB8FB00ACBBAB /* UITableView+Extensions.swift in Sources */ = {isa = PBXBuildFile; fileRef = A03A1F31248BB8FB00ACBBAB /* UITableView+Extensions.swift */; };
		A03A1F41248BB8FB00ACBBAB /* FloatingPoint+Extensions.swift in Sources */ = {isa = PBXBuildFile; fileRef = A03A1F32248BB8FB00ACBBAB /* FloatingPoint+Extensions.swift */; };
		A03A1F44248BB8FB00ACBBAB /* LoaderView.swift in Sources */ = {isa = PBXBuildFile; fileRef = A03A1F36248BB8FB00ACBBAB /* LoaderView.swift */; };
		A03A1F45248BB8FB00ACBBAB /* ViewModelProtocol.swift in Sources */ = {isa = PBXBuildFile; fileRef = A03A1F38248BB8FB00ACBBAB /* ViewModelProtocol.swift */; };
		A03A1F48248BBA8500ACBBAB /* CompanyCell.swift in Sources */ = {isa = PBXBuildFile; fileRef = A03A1F47248BBA8500ACBBAB /* CompanyCell.swift */; };
		A0480BD2248B6E6C00BDF70F /* AppDelegate.swift in Sources */ = {isa = PBXBuildFile; fileRef = A0480BD1248B6E6C00BDF70F /* AppDelegate.swift */; };
		A0480BD6248B6E6C00BDF70F /* TabBarController.swift in Sources */ = {isa = PBXBuildFile; fileRef = A0480BD5248B6E6C00BDF70F /* TabBarController.swift */; };
		A0480BDB248B6E7600BDF70F /* Assets.xcassets in Resources */ = {isa = PBXBuildFile; fileRef = A0480BDA248B6E7600BDF70F /* Assets.xcassets */; };
		A0480BDE248B6E7600BDF70F /* LaunchScreen.storyboard in Resources */ = {isa = PBXBuildFile; fileRef = A0480BDC248B6E7600BDF70F /* LaunchScreen.storyboard */; };
		A0480BE9248B6E7600BDF70F /* company_members_listTests.swift in Sources */ = {isa = PBXBuildFile; fileRef = A0480BE8248B6E7600BDF70F /* company_members_listTests.swift */; };
		A066AFB2248B74C9007AEE45 /* CompanyListController.swift in Sources */ = {isa = PBXBuildFile; fileRef = A066AFB1248B74C9007AEE45 /* CompanyListController.swift */; };
		A066AFB4248B74E5007AEE45 /* MemberListController.swift in Sources */ = {isa = PBXBuildFile; fileRef = A066AFB3248B74E5007AEE45 /* MemberListController.swift */; };
		A066AFC4248B82D7007AEE45 /* CacheManager.swift in Sources */ = {isa = PBXBuildFile; fileRef = A066AFB9248B82D7007AEE45 /* CacheManager.swift */; };
		A066AFC5248B82D7007AEE45 /* ImageDownloader.swift in Sources */ = {isa = PBXBuildFile; fileRef = A066AFBB248B82D7007AEE45 /* ImageDownloader.swift */; };
		A066AFC6248B82D7007AEE45 /* NetworkManager.swift in Sources */ = {isa = PBXBuildFile; fileRef = A066AFBD248B82D7007AEE45 /* NetworkManager.swift */; };
		A066AFC7248B82D7007AEE45 /* NetworkError.swift in Sources */ = {isa = PBXBuildFile; fileRef = A066AFBE248B82D7007AEE45 /* NetworkError.swift */; };
		A066AFC8248B82D7007AEE45 /* BaseService.swift in Sources */ = {isa = PBXBuildFile; fileRef = A066AFC0248B82D7007AEE45 /* BaseService.swift */; };
		A066AFC9248B82D7007AEE45 /* CompanyServiceProtocol.swift in Sources */ = {isa = PBXBuildFile; fileRef = A066AFC2248B82D7007AEE45 /* CompanyServiceProtocol.swift */; };
		A066AFCA248B82D7007AEE45 /* EndPoint.swift in Sources */ = {isa = PBXBuildFile; fileRef = A066AFC3248B82D7007AEE45 /* EndPoint.swift */; };
		A066AFCC248B834F007AEE45 /* Company.swift in Sources */ = {isa = PBXBuildFile; fileRef = A066AFCB248B834F007AEE45 /* Company.swift */; };
		A066AFCE248B8394007AEE45 /* README.md in Resources */ = {isa = PBXBuildFile; fileRef = A066AFCD248B8394007AEE45 /* README.md */; };
		A066AFD0248B8478007AEE45 /* Member.swift in Sources */ = {isa = PBXBuildFile; fileRef = A066AFCF248B8478007AEE45 /* Member.swift */; };
/* End PBXBuildFile section */

/* Begin PBXContainerItemProxy section */
		A0480BE5248B6E7600BDF70F /* PBXContainerItemProxy */ = {
			isa = PBXContainerItemProxy;
			containerPortal = A0480BC6248B6E6C00BDF70F /* Project object */;
			proxyType = 1;
			remoteGlobalIDString = A0480BCD248B6E6C00BDF70F;
			remoteInfo = "company-members-list";
		};
/* End PBXContainerItemProxy section */

/* Begin PBXFileReference section */
		A030CB64248BC68F00998829 /* TableViewProtocol.swift */ = {isa = PBXFileReference; lastKnownFileType = sourcecode.swift; path = TableViewProtocol.swift; sourceTree = "<group>"; };
		A030CB66248BE62F00998829 /* FollowButton.swift */ = {isa = PBXFileReference; lastKnownFileType = sourcecode.swift; path = FollowButton.swift; sourceTree = "<group>"; };
		A030CB68248BE92D00998829 /* FavoriteButton.swift */ = {isa = PBXFileReference; lastKnownFileType = sourcecode.swift; path = FavoriteButton.swift; sourceTree = "<group>"; };
		A030CB6A248BF98800998829 /* MemberListViewModel.swift */ = {isa = PBXFileReference; lastKnownFileType = sourcecode.swift; path = MemberListViewModel.swift; sourceTree = "<group>"; };
		A030CB6C248BFB6C00998829 /* MemberCell.swift */ = {isa = PBXFileReference; lastKnownFileType = sourcecode.swift; path = MemberCell.swift; sourceTree = "<group>"; };
		A03A1F1C248B8B9700ACBBAB /* CompanyDataManager.swift */ = {isa = PBXFileReference; lastKnownFileType = sourcecode.swift; path = CompanyDataManager.swift; sourceTree = "<group>"; };
		A03A1F24248B9C5100ACBBAB /* CompanyListViewModel.swift */ = {isa = PBXFileReference; lastKnownFileType = sourcecode.swift; path = CompanyListViewModel.swift; sourceTree = "<group>"; };
		A03A1F28248BB8FB00ACBBAB /* Toast.swift */ = {isa = PBXFileReference; fileEncoding = 4; lastKnownFileType = sourcecode.swift; path = Toast.swift; sourceTree = "<group>"; };
		A03A1F2A248BB8FB00ACBBAB /* FetchRequestStatus.swift */ = {isa = PBXFileReference; fileEncoding = 4; lastKnownFileType = sourcecode.swift; path = FetchRequestStatus.swift; sourceTree = "<group>"; };
		A03A1F2C248BB8FB00ACBBAB /* BaseController.swift */ = {isa = PBXFileReference; fileEncoding = 4; lastKnownFileType = sourcecode.swift; path = BaseController.swift; sourceTree = "<group>"; };
		A03A1F2E248BB8FB00ACBBAB /* UIView+Extensions.swift */ = {isa = PBXFileReference; fileEncoding = 4; lastKnownFileType = sourcecode.swift; path = "UIView+Extensions.swift"; sourceTree = "<group>"; };
		A03A1F31248BB8FB00ACBBAB /* UITableView+Extensions.swift */ = {isa = PBXFileReference; fileEncoding = 4; lastKnownFileType = sourcecode.swift; path = "UITableView+Extensions.swift"; sourceTree = "<group>"; };
		A03A1F32248BB8FB00ACBBAB /* FloatingPoint+Extensions.swift */ = {isa = PBXFileReference; fileEncoding = 4; lastKnownFileType = sourcecode.swift; path = "FloatingPoint+Extensions.swift"; sourceTree = "<group>"; };
		A03A1F36248BB8FB00ACBBAB /* LoaderView.swift */ = {isa = PBXFileReference; fileEncoding = 4; lastKnownFileType = sourcecode.swift; path = LoaderView.swift; sourceTree = "<group>"; };
		A03A1F38248BB8FB00ACBBAB /* ViewModelProtocol.swift */ = {isa = PBXFileReference; fileEncoding = 4; lastKnownFileType = sourcecode.swift; path = ViewModelProtocol.swift; sourceTree = "<group>"; };
		A03A1F47248BBA8500ACBBAB /* CompanyCell.swift */ = {isa = PBXFileReference; lastKnownFileType = sourcecode.swift; path = CompanyCell.swift; sourceTree = "<group>"; };
		A0480BCE248B6E6C00BDF70F /* company-members-list.app */ = {isa = PBXFileReference; explicitFileType = wrapper.application; includeInIndex = 0; path = "company-members-list.app"; sourceTree = BUILT_PRODUCTS_DIR; };
		A0480BD1248B6E6C00BDF70F /* AppDelegate.swift */ = {isa = PBXFileReference; lastKnownFileType = sourcecode.swift; path = AppDelegate.swift; sourceTree = "<group>"; };
		A0480BD5248B6E6C00BDF70F /* TabBarController.swift */ = {isa = PBXFileReference; lastKnownFileType = sourcecode.swift; path = TabBarController.swift; sourceTree = "<group>"; };
		A0480BDA248B6E7600BDF70F /* Assets.xcassets */ = {isa = PBXFileReference; lastKnownFileType = folder.assetcatalog; path = Assets.xcassets; sourceTree = "<group>"; };
		A0480BDD248B6E7600BDF70F /* Base */ = {isa = PBXFileReference; lastKnownFileType = file.storyboard; name = Base; path = Base.lproj/LaunchScreen.storyboard; sourceTree = "<group>"; };
		A0480BDF248B6E7600BDF70F /* Info.plist */ = {isa = PBXFileReference; lastKnownFileType = text.plist.xml; path = Info.plist; sourceTree = "<group>"; };
		A0480BE4248B6E7600BDF70F /* company-members-listTests.xctest */ = {isa = PBXFileReference; explicitFileType = wrapper.cfbundle; includeInIndex = 0; path = "company-members-listTests.xctest"; sourceTree = BUILT_PRODUCTS_DIR; };
		A0480BE8248B6E7600BDF70F /* company_members_listTests.swift */ = {isa = PBXFileReference; lastKnownFileType = sourcecode.swift; path = company_members_listTests.swift; sourceTree = "<group>"; };
		A0480BEA248B6E7600BDF70F /* Info.plist */ = {isa = PBXFileReference; lastKnownFileType = text.plist.xml; path = Info.plist; sourceTree = "<group>"; };
		A066AFB1248B74C9007AEE45 /* CompanyListController.swift */ = {isa = PBXFileReference; lastKnownFileType = sourcecode.swift; path = CompanyListController.swift; sourceTree = "<group>"; };
		A066AFB3248B74E5007AEE45 /* MemberListController.swift */ = {isa = PBXFileReference; lastKnownFileType = sourcecode.swift; path = MemberListController.swift; sourceTree = "<group>"; };
		A066AFB9248B82D7007AEE45 /* CacheManager.swift */ = {isa = PBXFileReference; fileEncoding = 4; lastKnownFileType = sourcecode.swift; path = CacheManager.swift; sourceTree = "<group>"; };
		A066AFBB248B82D7007AEE45 /* ImageDownloader.swift */ = {isa = PBXFileReference; fileEncoding = 4; lastKnownFileType = sourcecode.swift; path = ImageDownloader.swift; sourceTree = "<group>"; };
		A066AFBD248B82D7007AEE45 /* NetworkManager.swift */ = {isa = PBXFileReference; fileEncoding = 4; lastKnownFileType = sourcecode.swift; path = NetworkManager.swift; sourceTree = "<group>"; };
		A066AFBE248B82D7007AEE45 /* NetworkError.swift */ = {isa = PBXFileReference; fileEncoding = 4; lastKnownFileType = sourcecode.swift; path = NetworkError.swift; sourceTree = "<group>"; };
		A066AFC0248B82D7007AEE45 /* BaseService.swift */ = {isa = PBXFileReference; fileEncoding = 4; lastKnownFileType = sourcecode.swift; path = BaseService.swift; sourceTree = "<group>"; };
		A066AFC2248B82D7007AEE45 /* CompanyServiceProtocol.swift */ = {isa = PBXFileReference; fileEncoding = 4; lastKnownFileType = sourcecode.swift; path = CompanyServiceProtocol.swift; sourceTree = "<group>"; };
		A066AFC3248B82D7007AEE45 /* EndPoint.swift */ = {isa = PBXFileReference; fileEncoding = 4; lastKnownFileType = sourcecode.swift; path = EndPoint.swift; sourceTree = "<group>"; };
		A066AFCB248B834F007AEE45 /* Company.swift */ = {isa = PBXFileReference; lastKnownFileType = sourcecode.swift; path = Company.swift; sourceTree = "<group>"; };
		A066AFCD248B8394007AEE45 /* README.md */ = {isa = PBXFileReference; fileEncoding = 4; lastKnownFileType = net.daringfireball.markdown; path = README.md; sourceTree = SOURCE_ROOT; };
		A066AFCF248B8478007AEE45 /* Member.swift */ = {isa = PBXFileReference; lastKnownFileType = sourcecode.swift; path = Member.swift; sourceTree = "<group>"; };
/* End PBXFileReference section */

/* Begin PBXFrameworksBuildPhase section */
		A0480BCB248B6E6C00BDF70F /* Frameworks */ = {
			isa = PBXFrameworksBuildPhase;
			buildActionMask = 2147483647;
			files = (
				A030CB63248BC5DC00998829 /* Toast in Frameworks */,
				A03A1F23248B96F100ACBBAB /* Stevia in Frameworks */,
			);
			runOnlyForDeploymentPostprocessing = 0;
		};
		A0480BE1248B6E7600BDF70F /* Frameworks */ = {
			isa = PBXFrameworksBuildPhase;
			buildActionMask = 2147483647;
			files = (
			);
			runOnlyForDeploymentPostprocessing = 0;
		};
/* End PBXFrameworksBuildPhase section */

/* Begin PBXGroup section */
		A03A1F1B248B8B8100ACBBAB /* DataManager */ = {
			isa = PBXGroup;
			children = (
				A03A1F1C248B8B9700ACBBAB /* CompanyDataManager.swift */,
			);
			path = DataManager;
			sourceTree = "<group>";
		};
		A03A1F26248BB8FB00ACBBAB /* Common */ = {
			isa = PBXGroup;
			children = (
				A03A1F27248BB8FB00ACBBAB /* Toast */,
				A03A1F29248BB8FB00ACBBAB /* Enums */,
				A03A1F2B248BB8FB00ACBBAB /* Controller */,
				A03A1F2D248BB8FB00ACBBAB /* Extensions */,
				A03A1F33248BB8FB00ACBBAB /* Views */,
				A03A1F37248BB8FB00ACBBAB /* Protocols */,
			);
			path = Common;
			sourceTree = "<group>";
		};
		A03A1F27248BB8FB00ACBBAB /* Toast */ = {
			isa = PBXGroup;
			children = (
				A03A1F28248BB8FB00ACBBAB /* Toast.swift */,
			);
			path = Toast;
			sourceTree = "<group>";
		};
		A03A1F29248BB8FB00ACBBAB /* Enums */ = {
			isa = PBXGroup;
			children = (
				A03A1F2A248BB8FB00ACBBAB /* FetchRequestStatus.swift */,
			);
			path = Enums;
			sourceTree = "<group>";
		};
		A03A1F2B248BB8FB00ACBBAB /* Controller */ = {
			isa = PBXGroup;
			children = (
				A03A1F2C248BB8FB00ACBBAB /* BaseController.swift */,
			);
			path = Controller;
			sourceTree = "<group>";
		};
		A03A1F2D248BB8FB00ACBBAB /* Extensions */ = {
			isa = PBXGroup;
			children = (
				A03A1F2E248BB8FB00ACBBAB /* UIView+Extensions.swift */,
				A03A1F31248BB8FB00ACBBAB /* UITableView+Extensions.swift */,
				A03A1F32248BB8FB00ACBBAB /* FloatingPoint+Extensions.swift */,
			);
			path = Extensions;
			sourceTree = "<group>";
		};
		A03A1F33248BB8FB00ACBBAB /* Views */ = {
			isa = PBXGroup;
			children = (
				A03A1F36248BB8FB00ACBBAB /* LoaderView.swift */,
				A030CB66248BE62F00998829 /* FollowButton.swift */,
				A030CB68248BE92D00998829 /* FavoriteButton.swift */,
			);
			path = Views;
			sourceTree = "<group>";
		};
		A03A1F37248BB8FB00ACBBAB /* Protocols */ = {
			isa = PBXGroup;
			children = (
				A03A1F38248BB8FB00ACBBAB /* ViewModelProtocol.swift */,
				A030CB64248BC68F00998829 /* TableViewProtocol.swift */,
			);
			path = Protocols;
			sourceTree = "<group>";
		};
		A0480BC5248B6E6C00BDF70F = {
			isa = PBXGroup;
			children = (
				A0480BD0248B6E6C00BDF70F /* company-members-list */,
				A0480BE7248B6E7600BDF70F /* company-members-listTests */,
				A0480BCF248B6E6C00BDF70F /* Products */,
			);
			sourceTree = "<group>";
		};
		A0480BCF248B6E6C00BDF70F /* Products */ = {
			isa = PBXGroup;
			children = (
				A0480BCE248B6E6C00BDF70F /* company-members-list.app */,
				A0480BE4248B6E7600BDF70F /* company-members-listTests.xctest */,
			);
			name = Products;
			sourceTree = "<group>";
		};
		A0480BD0248B6E6C00BDF70F /* company-members-list */ = {
			isa = PBXGroup;
			children = (
				A03A1F26248BB8FB00ACBBAB /* Common */,
				A066AFB5248B828D007AEE45 /* Manager */,
				A0480BF5248B704E00BDF70F /* Modules */,
				A0480BF3248B6FD200BDF70F /* AppDelegate */,
				A0480BDA248B6E7600BDF70F /* Assets.xcassets */,
				A0480BDC248B6E7600BDF70F /* LaunchScreen.storyboard */,
				A0480BDF248B6E7600BDF70F /* Info.plist */,
				A066AFCD248B8394007AEE45 /* README.md */,
			);
			path = "company-members-list";
			sourceTree = "<group>";
		};
		A0480BE7248B6E7600BDF70F /* company-members-listTests */ = {
			isa = PBXGroup;
			children = (
				A0480BE8248B6E7600BDF70F /* company_members_listTests.swift */,
				A0480BEA248B6E7600BDF70F /* Info.plist */,
			);
			path = "company-members-listTests";
			sourceTree = "<group>";
		};
		A0480BF3248B6FD200BDF70F /* AppDelegate */ = {
			isa = PBXGroup;
			children = (
				A0480BD1248B6E6C00BDF70F /* AppDelegate.swift */,
			);
			path = AppDelegate;
			sourceTree = "<group>";
		};
		A0480BF5248B704E00BDF70F /* Modules */ = {
			isa = PBXGroup;
			children = (
				A066AFB0248B7486007AEE45 /* Member */,
				A066AFAF248B747F007AEE45 /* Company */,
				A0480BF6248B705B00BDF70F /* Tabbar */,
			);
			path = Modules;
			sourceTree = "<group>";
		};
		A0480BF6248B705B00BDF70F /* Tabbar */ = {
			isa = PBXGroup;
			children = (
				A0480BD5248B6E6C00BDF70F /* TabBarController.swift */,
			);
			path = Tabbar;
			sourceTree = "<group>";
		};
		A066AFAF248B747F007AEE45 /* Company */ = {
			isa = PBXGroup;
			children = (
				A066AFB1248B74C9007AEE45 /* CompanyListController.swift */,
				A03A1F24248B9C5100ACBBAB /* CompanyListViewModel.swift */,
				A066AFCB248B834F007AEE45 /* Company.swift */,
				A03A1F47248BBA8500ACBBAB /* CompanyCell.swift */,
			);
			path = Company;
			sourceTree = "<group>";
		};
		A066AFB0248B7486007AEE45 /* Member */ = {
			isa = PBXGroup;
			children = (
				A066AFB3248B74E5007AEE45 /* MemberListController.swift */,
				A030CB6A248BF98800998829 /* MemberListViewModel.swift */,
				A066AFCF248B8478007AEE45 /* Member.swift */,
				A030CB6C248BFB6C00998829 /* MemberCell.swift */,
			);
			path = Member;
			sourceTree = "<group>";
		};
		A066AFB5248B828D007AEE45 /* Manager */ = {
			isa = PBXGroup;
			children = (
				A03A1F1B248B8B8100ACBBAB /* DataManager */,
				A066AFB7248B82D7007AEE45 /* Cache */,
				A066AFBC248B82D7007AEE45 /* Network */,
			);
			path = Manager;
			sourceTree = "<group>";
		};
		A066AFB7248B82D7007AEE45 /* Cache */ = {
			isa = PBXGroup;
			children = (
				A066AFB8248B82D7007AEE45 /* CacheManager */,
				A066AFBA248B82D7007AEE45 /* Images */,
			);
			path = Cache;
			sourceTree = "<group>";
		};
		A066AFB8248B82D7007AEE45 /* CacheManager */ = {
			isa = PBXGroup;
			children = (
				A066AFB9248B82D7007AEE45 /* CacheManager.swift */,
			);
			path = CacheManager;
			sourceTree = "<group>";
		};
		A066AFBA248B82D7007AEE45 /* Images */ = {
			isa = PBXGroup;
			children = (
				A066AFBB248B82D7007AEE45 /* ImageDownloader.swift */,
			);
			path = Images;
			sourceTree = "<group>";
		};
		A066AFBC248B82D7007AEE45 /* Network */ = {
			isa = PBXGroup;
			children = (
				A066AFBF248B82D7007AEE45 /* Services */,
				A066AFBD248B82D7007AEE45 /* NetworkManager.swift */,
				A066AFBE248B82D7007AEE45 /* NetworkError.swift */,
				A066AFC3248B82D7007AEE45 /* EndPoint.swift */,
			);
			path = Network;
			sourceTree = "<group>";
		};
		A066AFBF248B82D7007AEE45 /* Services */ = {
			isa = PBXGroup;
			children = (
				A066AFC1248B82D7007AEE45 /* Company */,
				A066AFC0248B82D7007AEE45 /* BaseService.swift */,
			);
			path = Services;
			sourceTree = "<group>";
		};
		A066AFC1248B82D7007AEE45 /* Company */ = {
			isa = PBXGroup;
			children = (
				A066AFC2248B82D7007AEE45 /* CompanyServiceProtocol.swift */,
			);
			path = Company;
			sourceTree = "<group>";
		};
/* End PBXGroup section */

/* Begin PBXNativeTarget section */
		A0480BCD248B6E6C00BDF70F /* company-members-list */ = {
			isa = PBXNativeTarget;
			buildConfigurationList = A0480BED248B6E7600BDF70F /* Build configuration list for PBXNativeTarget "company-members-list" */;
			buildPhases = (
				A0480BCA248B6E6C00BDF70F /* Sources */,
				A0480BCB248B6E6C00BDF70F /* Frameworks */,
				A0480BCC248B6E6C00BDF70F /* Resources */,
			);
			buildRules = (
			);
			dependencies = (
			);
			name = "company-members-list";
			packageProductDependencies = (
				A03A1F22248B96F100ACBBAB /* Stevia */,
				A030CB62248BC5DC00998829 /* Toast */,
			);
			productName = "company-members-list";
			productReference = A0480BCE248B6E6C00BDF70F /* company-members-list.app */;
			productType = "com.apple.product-type.application";
		};
		A0480BE3248B6E7600BDF70F /* company-members-listTests */ = {
			isa = PBXNativeTarget;
			buildConfigurationList = A0480BF0248B6E7600BDF70F /* Build configuration list for PBXNativeTarget "company-members-listTests" */;
			buildPhases = (
				A0480BE0248B6E7600BDF70F /* Sources */,
				A0480BE1248B6E7600BDF70F /* Frameworks */,
				A0480BE2248B6E7600BDF70F /* Resources */,
			);
			buildRules = (
			);
			dependencies = (
				A0480BE6248B6E7600BDF70F /* PBXTargetDependency */,
			);
			name = "company-members-listTests";
			productName = "company-members-listTests";
			productReference = A0480BE4248B6E7600BDF70F /* company-members-listTests.xctest */;
			productType = "com.apple.product-type.bundle.unit-test";
		};
/* End PBXNativeTarget section */

/* Begin PBXProject section */
		A0480BC6248B6E6C00BDF70F /* Project object */ = {
			isa = PBXProject;
			attributes = {
				LastSwiftUpdateCheck = 1140;
				LastUpgradeCheck = 1140;
				ORGANIZATIONNAME = "Shivam Jaiswal";
				TargetAttributes = {
					A0480BCD248B6E6C00BDF70F = {
						CreatedOnToolsVersion = 11.4;
					};
					A0480BE3248B6E7600BDF70F = {
						CreatedOnToolsVersion = 11.4;
						TestTargetID = A0480BCD248B6E6C00BDF70F;
					};
				};
			};
			buildConfigurationList = A0480BC9248B6E6C00BDF70F /* Build configuration list for PBXProject "company-members-list" */;
			compatibilityVersion = "Xcode 9.3";
			developmentRegion = en;
			hasScannedForEncodings = 0;
			knownRegions = (
				en,
				Base,
			);
			mainGroup = A0480BC5248B6E6C00BDF70F;
			packageReferences = (
				A03A1F21248B96F000ACBBAB /* XCRemoteSwiftPackageReference "Stevia" */,
				A030CB61248BC5DC00998829 /* XCRemoteSwiftPackageReference "Toast-Swift" */,
			);
			productRefGroup = A0480BCF248B6E6C00BDF70F /* Products */;
			projectDirPath = "";
			projectRoot = "";
			targets = (
				A0480BCD248B6E6C00BDF70F /* company-members-list */,
				A0480BE3248B6E7600BDF70F /* company-members-listTests */,
			);
		};
/* End PBXProject section */

/* Begin PBXResourcesBuildPhase section */
		A0480BCC248B6E6C00BDF70F /* Resources */ = {
			isa = PBXResourcesBuildPhase;
			buildActionMask = 2147483647;
			files = (
				A066AFCE248B8394007AEE45 /* README.md in Resources */,
				A0480BDE248B6E7600BDF70F /* LaunchScreen.storyboard in Resources */,
				A0480BDB248B6E7600BDF70F /* Assets.xcassets in Resources */,
			);
			runOnlyForDeploymentPostprocessing = 0;
		};
		A0480BE2248B6E7600BDF70F /* Resources */ = {
			isa = PBXResourcesBuildPhase;
			buildActionMask = 2147483647;
			files = (
			);
			runOnlyForDeploymentPostprocessing = 0;
		};
/* End PBXResourcesBuildPhase section */

/* Begin PBXSourcesBuildPhase section */
		A0480BCA248B6E6C00BDF70F /* Sources */ = {
			isa = PBXSourcesBuildPhase;
			buildActionMask = 2147483647;
			files = (
				A030CB6B248BF98800998829 /* MemberListViewModel.swift in Sources */,
				A0480BD6248B6E6C00BDF70F /* TabBarController.swift in Sources */,
				A03A1F3A248BB8FB00ACBBAB /* Toast.swift in Sources */,
				A03A1F44248BB8FB00ACBBAB /* LoaderView.swift in Sources */,
				A066AFC7248B82D7007AEE45 /* NetworkError.swift in Sources */,
				A03A1F3B248BB8FB00ACBBAB /* FetchRequestStatus.swift in Sources */,
				A066AFC4248B82D7007AEE45 /* CacheManager.swift in Sources */,
				A03A1F41248BB8FB00ACBBAB /* FloatingPoint+Extensions.swift in Sources */,
				A03A1F1D248B8B9700ACBBAB /* CompanyDataManager.swift in Sources */,
				A03A1F40248BB8FB00ACBBAB /* UITableView+Extensions.swift in Sources */,
				A03A1F25248B9C5100ACBBAB /* CompanyListViewModel.swift in Sources */,
				A066AFB4248B74E5007AEE45 /* MemberListController.swift in Sources */,
				A066AFCA248B82D7007AEE45 /* EndPoint.swift in Sources */,
				A066AFC6248B82D7007AEE45 /* NetworkManager.swift in Sources */,
				A03A1F3C248BB8FB00ACBBAB /* BaseController.swift in Sources */,
				A03A1F45248BB8FB00ACBBAB /* ViewModelProtocol.swift in Sources */,
				A0480BD2248B6E6C00BDF70F /* AppDelegate.swift in Sources */,
				A03A1F3D248BB8FB00ACBBAB /* UIView+Extensions.swift in Sources */,
				A030CB6D248BFB6C00998829 /* MemberCell.swift in Sources */,
				A066AFC5248B82D7007AEE45 /* ImageDownloader.swift in Sources */,
				A066AFC9248B82D7007AEE45 /* CompanyServiceProtocol.swift in Sources */,
				A03A1F48248BBA8500ACBBAB /* CompanyCell.swift in Sources */,
				A066AFD0248B8478007AEE45 /* Member.swift in Sources */,
				A030CB69248BE92D00998829 /* FavoriteButton.swift in Sources */,
				A066AFB2248B74C9007AEE45 /* CompanyListController.swift in Sources */,
				A066AFC8248B82D7007AEE45 /* BaseService.swift in Sources */,
				A030CB65248BC68F00998829 /* TableViewProtocol.swift in Sources */,
				A030CB67248BE62F00998829 /* FollowButton.swift in Sources */,
				A066AFCC248B834F007AEE45 /* Company.swift in Sources */,
			);
			runOnlyForDeploymentPostprocessing = 0;
		};
		A0480BE0248B6E7600BDF70F /* Sources */ = {
			isa = PBXSourcesBuildPhase;
			buildActionMask = 2147483647;
			files = (
				A0480BE9248B6E7600BDF70F /* company_members_listTests.swift in Sources */,
			);
			runOnlyForDeploymentPostprocessing = 0;
		};
/* End PBXSourcesBuildPhase section */

/* Begin PBXTargetDependency section */
		A0480BE6248B6E7600BDF70F /* PBXTargetDependency */ = {
			isa = PBXTargetDependency;
			target = A0480BCD248B6E6C00BDF70F /* company-members-list */;
			targetProxy = A0480BE5248B6E7600BDF70F /* PBXContainerItemProxy */;
		};
/* End PBXTargetDependency section */

/* Begin PBXVariantGroup section */
		A0480BDC248B6E7600BDF70F /* LaunchScreen.storyboard */ = {
			isa = PBXVariantGroup;
			children = (
				A0480BDD248B6E7600BDF70F /* Base */,
			);
			name = LaunchScreen.storyboard;
			sourceTree = "<group>";
		};
/* End PBXVariantGroup section */

/* Begin XCBuildConfiguration section */
		A0480BEB248B6E7600BDF70F /* Debug */ = {
			isa = XCBuildConfiguration;
			buildSettings = {
				ALWAYS_SEARCH_USER_PATHS = NO;
				CLANG_ANALYZER_NONNULL = YES;
				CLANG_ANALYZER_NUMBER_OBJECT_CONVERSION = YES_AGGRESSIVE;
				CLANG_CXX_LANGUAGE_STANDARD = "gnu++14";
				CLANG_CXX_LIBRARY = "libc++";
				CLANG_ENABLE_MODULES = YES;
				CLANG_ENABLE_OBJC_ARC = YES;
				CLANG_ENABLE_OBJC_WEAK = YES;
				CLANG_WARN_BLOCK_CAPTURE_AUTORELEASING = YES;
				CLANG_WARN_BOOL_CONVERSION = YES;
				CLANG_WARN_COMMA = YES;
				CLANG_WARN_CONSTANT_CONVERSION = YES;
				CLANG_WARN_DEPRECATED_OBJC_IMPLEMENTATIONS = YES;
				CLANG_WARN_DIRECT_OBJC_ISA_USAGE = YES_ERROR;
				CLANG_WARN_DOCUMENTATION_COMMENTS = YES;
				CLANG_WARN_EMPTY_BODY = YES;
				CLANG_WARN_ENUM_CONVERSION = YES;
				CLANG_WARN_INFINITE_RECURSION = YES;
				CLANG_WARN_INT_CONVERSION = YES;
				CLANG_WARN_NON_LITERAL_NULL_CONVERSION = YES;
				CLANG_WARN_OBJC_IMPLICIT_RETAIN_SELF = YES;
				CLANG_WARN_OBJC_LITERAL_CONVERSION = YES;
				CLANG_WARN_OBJC_ROOT_CLASS = YES_ERROR;
				CLANG_WARN_RANGE_LOOP_ANALYSIS = YES;
				CLANG_WARN_STRICT_PROTOTYPES = YES;
				CLANG_WARN_SUSPICIOUS_MOVE = YES;
				CLANG_WARN_UNGUARDED_AVAILABILITY = YES_AGGRESSIVE;
				CLANG_WARN_UNREACHABLE_CODE = YES;
				CLANG_WARN__DUPLICATE_METHOD_MATCH = YES;
				COPY_PHASE_STRIP = NO;
				DEBUG_INFORMATION_FORMAT = dwarf;
				ENABLE_STRICT_OBJC_MSGSEND = YES;
				ENABLE_TESTABILITY = YES;
				GCC_C_LANGUAGE_STANDARD = gnu11;
				GCC_DYNAMIC_NO_PIC = NO;
				GCC_NO_COMMON_BLOCKS = YES;
				GCC_OPTIMIZATION_LEVEL = 0;
				GCC_PREPROCESSOR_DEFINITIONS = (
					"DEBUG=1",
					"$(inherited)",
				);
				GCC_WARN_64_TO_32_BIT_CONVERSION = YES;
				GCC_WARN_ABOUT_RETURN_TYPE = YES_ERROR;
				GCC_WARN_UNDECLARED_SELECTOR = YES;
				GCC_WARN_UNINITIALIZED_AUTOS = YES_AGGRESSIVE;
				GCC_WARN_UNUSED_FUNCTION = YES;
				GCC_WARN_UNUSED_VARIABLE = YES;
				IPHONEOS_DEPLOYMENT_TARGET = 13.4;
				MTL_ENABLE_DEBUG_INFO = INCLUDE_SOURCE;
				MTL_FAST_MATH = YES;
				ONLY_ACTIVE_ARCH = YES;
				SDKROOT = iphoneos;
				SWIFT_ACTIVE_COMPILATION_CONDITIONS = DEBUG;
				SWIFT_OPTIMIZATION_LEVEL = "-Onone";
			};
			name = Debug;
		};
		A0480BEC248B6E7600BDF70F /* Release */ = {
			isa = XCBuildConfiguration;
			buildSettings = {
				ALWAYS_SEARCH_USER_PATHS = NO;
				CLANG_ANALYZER_NONNULL = YES;
				CLANG_ANALYZER_NUMBER_OBJECT_CONVERSION = YES_AGGRESSIVE;
				CLANG_CXX_LANGUAGE_STANDARD = "gnu++14";
				CLANG_CXX_LIBRARY = "libc++";
				CLANG_ENABLE_MODULES = YES;
				CLANG_ENABLE_OBJC_ARC = YES;
				CLANG_ENABLE_OBJC_WEAK = YES;
				CLANG_WARN_BLOCK_CAPTURE_AUTORELEASING = YES;
				CLANG_WARN_BOOL_CONVERSION = YES;
				CLANG_WARN_COMMA = YES;
				CLANG_WARN_CONSTANT_CONVERSION = YES;
				CLANG_WARN_DEPRECATED_OBJC_IMPLEMENTATIONS = YES;
				CLANG_WARN_DIRECT_OBJC_ISA_USAGE = YES_ERROR;
				CLANG_WARN_DOCUMENTATION_COMMENTS = YES;
				CLANG_WARN_EMPTY_BODY = YES;
				CLANG_WARN_ENUM_CONVERSION = YES;
				CLANG_WARN_INFINITE_RECURSION = YES;
				CLANG_WARN_INT_CONVERSION = YES;
				CLANG_WARN_NON_LITERAL_NULL_CONVERSION = YES;
				CLANG_WARN_OBJC_IMPLICIT_RETAIN_SELF = YES;
				CLANG_WARN_OBJC_LITERAL_CONVERSION = YES;
				CLANG_WARN_OBJC_ROOT_CLASS = YES_ERROR;
				CLANG_WARN_RANGE_LOOP_ANALYSIS = YES;
				CLANG_WARN_STRICT_PROTOTYPES = YES;
				CLANG_WARN_SUSPICIOUS_MOVE = YES;
				CLANG_WARN_UNGUARDED_AVAILABILITY = YES_AGGRESSIVE;
				CLANG_WARN_UNREACHABLE_CODE = YES;
				CLANG_WARN__DUPLICATE_METHOD_MATCH = YES;
				COPY_PHASE_STRIP = NO;
				DEBUG_INFORMATION_FORMAT = "dwarf-with-dsym";
				ENABLE_NS_ASSERTIONS = NO;
				ENABLE_STRICT_OBJC_MSGSEND = YES;
				GCC_C_LANGUAGE_STANDARD = gnu11;
				GCC_NO_COMMON_BLOCKS = YES;
				GCC_WARN_64_TO_32_BIT_CONVERSION = YES;
				GCC_WARN_ABOUT_RETURN_TYPE = YES_ERROR;
				GCC_WARN_UNDECLARED_SELECTOR = YES;
				GCC_WARN_UNINITIALIZED_AUTOS = YES_AGGRESSIVE;
				GCC_WARN_UNUSED_FUNCTION = YES;
				GCC_WARN_UNUSED_VARIABLE = YES;
				IPHONEOS_DEPLOYMENT_TARGET = 13.4;
				MTL_ENABLE_DEBUG_INFO = NO;
				MTL_FAST_MATH = YES;
				SDKROOT = iphoneos;
				SWIFT_COMPILATION_MODE = wholemodule;
				SWIFT_OPTIMIZATION_LEVEL = "-O";
				VALIDATE_PRODUCT = YES;
			};
			name = Release;
		};
		A0480BEE248B6E7600BDF70F /* Debug */ = {
			isa = XCBuildConfiguration;
			buildSettings = {
				ASSETCATALOG_COMPILER_APPICON_NAME = AppIcon;
				CODE_SIGN_STYLE = Automatic;
				DEVELOPMENT_TEAM = YYU9SVC7P9;
				INFOPLIST_FILE = "company-members-list/Info.plist";
				IPHONEOS_DEPLOYMENT_TARGET = 13.2;
				LD_RUNPATH_SEARCH_PATHS = (
					"$(inherited)",
					"@executable_path/Frameworks",
				);
				PRODUCT_BUNDLE_IDENTIFIER = "com.shivam.company-members-list";
				PRODUCT_NAME = "$(TARGET_NAME)";
				SWIFT_VERSION = 5.0;
				TARGETED_DEVICE_FAMILY = "1,2";
			};
			name = Debug;
		};
		A0480BEF248B6E7600BDF70F /* Release */ = {
			isa = XCBuildConfiguration;
			buildSettings = {
				ASSETCATALOG_COMPILER_APPICON_NAME = AppIcon;
				CODE_SIGN_STYLE = Automatic;
				DEVELOPMENT_TEAM = YYU9SVC7P9;
				INFOPLIST_FILE = "company-members-list/Info.plist";
				IPHONEOS_DEPLOYMENT_TARGET = 13.2;
				LD_RUNPATH_SEARCH_PATHS = (
					"$(inherited)",
					"@executable_path/Frameworks",
				);
				PRODUCT_BUNDLE_IDENTIFIER = "com.shivam.company-members-list";
				PRODUCT_NAME = "$(TARGET_NAME)";
				SWIFT_VERSION = 5.0;
				TARGETED_DEVICE_FAMILY = "1,2";
			};
			name = Release;
		};
		A0480BF1248B6E7600BDF70F /* Debug */ = {
			isa = XCBuildConfiguration;
			buildSettings = {
				ALWAYS_EMBED_SWIFT_STANDARD_LIBRARIES = YES;
				BUNDLE_LOADER = "$(TEST_HOST)";
				CODE_SIGN_STYLE = Automatic;
				DEVELOPMENT_TEAM = YYU9SVC7P9;
				INFOPLIST_FILE = "company-members-listTests/Info.plist";
				IPHONEOS_DEPLOYMENT_TARGET = 13.4;
				LD_RUNPATH_SEARCH_PATHS = (
					"$(inherited)",
					"@executable_path/Frameworks",
					"@loader_path/Frameworks",
				);
				PRODUCT_BUNDLE_IDENTIFIER = "com.shivam.company-members-listTests";
				PRODUCT_NAME = "$(TARGET_NAME)";
				SWIFT_VERSION = 5.0;
				TARGETED_DEVICE_FAMILY = "1,2";
				TEST_HOST = "$(BUILT_PRODUCTS_DIR)/company-members-list.app/company-members-list";
			};
			name = Debug;
		};
		A0480BF2248B6E7600BDF70F /* Release */ = {
			isa = XCBuildConfiguration;
			buildSettings = {
				ALWAYS_EMBED_SWIFT_STANDARD_LIBRARIES = YES;
				BUNDLE_LOADER = "$(TEST_HOST)";
				CODE_SIGN_STYLE = Automatic;
				DEVELOPMENT_TEAM = YYU9SVC7P9;
				INFOPLIST_FILE = "company-members-listTests/Info.plist";
				IPHONEOS_DEPLOYMENT_TARGET = 13.4;
				LD_RUNPATH_SEARCH_PATHS = (
					"$(inherited)",
					"@executable_path/Frameworks",
					"@loader_path/Frameworks",
				);
				PRODUCT_BUNDLE_IDENTIFIER = "com.shivam.company-members-listTests";
				PRODUCT_NAME = "$(TARGET_NAME)";
				SWIFT_VERSION = 5.0;
				TARGETED_DEVICE_FAMILY = "1,2";
				TEST_HOST = "$(BUILT_PRODUCTS_DIR)/company-members-list.app/company-members-list";
			};
			name = Release;
		};
/* End XCBuildConfiguration section */

/* Begin XCConfigurationList section */
		A0480BC9248B6E6C00BDF70F /* Build configuration list for PBXProject "company-members-list" */ = {
			isa = XCConfigurationList;
			buildConfigurations = (
				A0480BEB248B6E7600BDF70F /* Debug */,
				A0480BEC248B6E7600BDF70F /* Release */,
			);
			defaultConfigurationIsVisible = 0;
			defaultConfigurationName = Release;
		};
		A0480BED248B6E7600BDF70F /* Build configuration list for PBXNativeTarget "company-members-list" */ = {
			isa = XCConfigurationList;
			buildConfigurations = (
				A0480BEE248B6E7600BDF70F /* Debug */,
				A0480BEF248B6E7600BDF70F /* Release */,
			);
			defaultConfigurationIsVisible = 0;
			defaultConfigurationName = Release;
		};
		A0480BF0248B6E7600BDF70F /* Build configuration list for PBXNativeTarget "company-members-listTests" */ = {
			isa = XCConfigurationList;
			buildConfigurations = (
				A0480BF1248B6E7600BDF70F /* Debug */,
				A0480BF2248B6E7600BDF70F /* Release */,
			);
			defaultConfigurationIsVisible = 0;
			defaultConfigurationName = Release;
		};
/* End XCConfigurationList section */

/* Begin XCRemoteSwiftPackageReference section */
		A030CB61248BC5DC00998829 /* XCRemoteSwiftPackageReference "Toast-Swift" */ = {
			isa = XCRemoteSwiftPackageReference;
			repositoryURL = "https://github.com/scalessec/Toast-Swift.git";
			requirement = {
				kind = upToNextMajorVersion;
				minimumVersion = 5.0.1;
			};
		};
		A03A1F21248B96F000ACBBAB /* XCRemoteSwiftPackageReference "Stevia" */ = {
			isa = XCRemoteSwiftPackageReference;
			repositoryURL = "https://github.com/freshOS/Stevia.git";
			requirement = {
				kind = upToNextMajorVersion;
				minimumVersion = 5.0.1;
			};
		};
/* End XCRemoteSwiftPackageReference section */

/* Begin XCSwiftPackageProductDependency section */
		A030CB62248BC5DC00998829 /* Toast */ = {
			isa = XCSwiftPackageProductDependency;
			package = A030CB61248BC5DC00998829 /* XCRemoteSwiftPackageReference "Toast-Swift" */;
			productName = Toast;
		};
		A03A1F22248B96F100ACBBAB /* Stevia */ = {
			isa = XCSwiftPackageProductDependency;
			package = A03A1F21248B96F000ACBBAB /* XCRemoteSwiftPackageReference "Stevia" */;
			productName = Stevia;
		};
/* End XCSwiftPackageProductDependency section */
	};
	rootObject = A0480BC6248B6E6C00BDF70F /* Project object */;
}
